version = 1
revision = 3
requires-python = ">=3.12"

[[package]]
name = "adbc-driver-manager"
version = "1.9.0"
source = { registry = "https://pypi.org/simple" }
dependencies = [
    { name = "typing-extensions" },
]
sdist = { url = "https://files.pythonhosted.org/packages/cd/b4/09a85ca2bb2ba53d6577745a0aae0766393b69d0ae1e645ff4d34bee6866/adbc_driver_manager-1.9.0.tar.gz", hash = "sha256:d6687acf57f92e469e78d53df6baf70ab62f8886ba8f2e0b25613aecd1807ae9", size = 205762, upload-time = "2025-11-07T01:46:55.953Z" }
wheels = [
    { url = "https://files.pythonhosted.org/packages/ae/5d/6fbb1fe6b55542e4c2c9deafdc79ffc87da9484703f5a74e700133459f3b/adbc_driver_manager-1.9.0-cp312-cp312-macosx_10_15_x86_64.whl", hash = "sha256:c27bec486a217586ef2adbf55634070be4f25b0e3642380ebc97a2926c228d6a", size = 539512, upload-time = "2025-11-07T01:45:33.65Z" },
    { url = "https://files.pythonhosted.org/packages/87/5e/cb94f25f41e3be7eea065dedcb67ab71266c02b835966f9f417ba3f386d6/adbc_driver_manager-1.9.0-cp312-cp312-macosx_11_0_arm64.whl", hash = "sha256:2d0051e8a25e6d19afe224e46966abc645af1662d2314277d1822a2401800bac", size = 517792, upload-time = "2025-11-07T01:45:35.351Z" },
    { url = "https://files.pythonhosted.org/packages/9a/b6/eac3aaef68fb102fc2b7a7213d0ffe736f7463bd37838110c93764bb5644/adbc_driver_manager-1.9.0-cp312-cp312-manylinux2014_aarch64.manylinux_2_17_aarch64.whl", hash = "sha256:e541dda28a9a7e6ac0e9ab3797e8e31153dcc75e333759cb519bcf942805a625", size = 3108751, upload-time = "2025-11-07T01:45:37.863Z" },
    { url = "https://files.pythonhosted.org/packages/64/18/2ddfa947dc6948c68349b22e59bb2f7786177046276a2cd4899a8dd8536b/adbc_driver_manager-1.9.0-cp312-cp312-manylinux2014_x86_64.manylinux_2_17_x86_64.whl", hash = "sha256:df26073ada6069e95deb59f974cfc7aa4bf94f76080c997b1d6225159dd67227", size = 3135707, upload-time = "2025-11-07T01:45:39.72Z" },
    { url = "https://files.pythonhosted.org/packages/b0/46/532aeee27008928baad91b0420b498548a2ed6b7070de907e4d5b5937933/adbc_driver_manager-1.9.0-cp312-cp312-win_amd64.whl", hash = "sha256:ee7dd922983f44e2933d0e539524d5174bf50f663fb09f70989ce5e1319a1d41", size = 707465, upload-time = "2025-11-07T01:45:40.97Z" },
    { url = "https://files.pythonhosted.org/packages/d9/e7/17a9738b8e6f549606f049f616b01b9517288022bf384cf6f2ef3127288c/adbc_driver_manager-1.9.0-cp313-cp313-macosx_10_15_x86_64.whl", hash = "sha256:7f9db5a3b38d4b9042b97dbee3c739b0a075585fbe2c11cdd60ba817a1618b03", size = 537614, upload-time = "2025-11-07T01:45:42.433Z" },
    { url = "https://files.pythonhosted.org/packages/ee/de/ae8d9a532dba87b61201bf64678b142afb07782c014539cef81681f0fa35/adbc_driver_manager-1.9.0-cp313-cp313-macosx_11_0_arm64.whl", hash = "sha256:fe4affd71f7facdaf4c04839846b090c945586c36d0fd79cd7fb5a3251d36f85", size = 516016, upload-time = "2025-11-07T01:45:44.195Z" },
    { url = "https://files.pythonhosted.org/packages/a5/e7/c3039fd725636d1d25c339223027a7f999ac23048d4437ab5ad22f42ecdd/adbc_driver_manager-1.9.0-cp313-cp313-manylinux2014_aarch64.manylinux_2_17_aarch64.whl", hash = "sha256:0a7961db77730ce0ab326a225dc534b43d4017b28a30703eaac7e3cdf1e5fb7d", size = 3108213, upload-time = "2025-11-07T01:45:46.27Z" },
    { url = "https://files.pythonhosted.org/packages/e8/74/60407d06a3263155495e730e8fa671db976c918aea16b5471de16025b811/adbc_driver_manager-1.9.0-cp313-cp313-manylinux2014_x86_64.manylinux_2_17_x86_64.whl", hash = "sha256:f1a8ba1ad7c4b50f5486401cc1bf04d313f74065f0d752ab0145292ab746f0fb", size = 3131425, upload-time = "2025-11-07T01:45:48.312Z" },
    { url = "https://files.pythonhosted.org/packages/35/28/260053893ca51b1f06e2fe652ee267cbfe359a2c4c8312dc0307a0f54579/adbc_driver_manager-1.9.0-cp313-cp313-win_amd64.whl", hash = "sha256:21e0ab1adb0c804955279b0a919ba8dec5264db1e85e43a89af9fbbf8a8e52c9", size = 706437, upload-time = "2025-11-07T01:45:57.327Z" },
    { url = "https://files.pythonhosted.org/packages/30/79/4b478c9023c772ce36fb0dabc6bb49e8fe513e53a606e4bb6819589ddb54/adbc_driver_manager-1.9.0-cp313-cp313t-macosx_10_15_x86_64.whl", hash = "sha256:74f57cee4168ce79babc8c33468bc8eae6917aefc72f2493b0c24164c9a4c29b", size = 552602, upload-time = "2025-11-07T01:45:50.348Z" },
    { url = "https://files.pythonhosted.org/packages/60/56/0613a0a4b307a2bba587fa2b6bd573c0aa433696134272f3ac9b98f38746/adbc_driver_manager-1.9.0-cp313-cp313t-macosx_11_0_arm64.whl", hash = "sha256:0dbda004d4cc4354bb14bed27451e248022298bd898b246b884a46fc880a93da", size = 533874, upload-time = "2025-11-07T01:45:51.696Z" },
    { url = "https://files.pythonhosted.org/packages/7b/5c/d0a1cfe1b27d982ab3a2dfb1a56482d5ed3e601d2d47a6b20cbcc172fd30/adbc_driver_manager-1.9.0-cp313-cp313t-manylinux2014_aarch64.manylinux_2_17_aarch64.whl", hash = "sha256:5377949e913483792ae30fac86be04ba377e4be12023d4db709c7eb870a196c1", size = 3170532, upload-time = "2025-11-07T01:45:54.039Z" },
    { url = "https://files.pythonhosted.org/packages/f6/26/e7ebccfce5b77c84386975d42f87fa2debd11dded7350ef493cccbb8c0bf/adbc_driver_manager-1.9.0-cp313-cp313t-manylinux2014_x86_64.manylinux_2_17_x86_64.whl", hash = "sha256:da8e2611c657599936968774ec39919c9edbbea6cffc4484c23df5bcb6657e08", size = 3160151, upload-time = "2025-11-07T01:45:55.797Z" },
    { url = "https://files.pythonhosted.org/packages/29/54/d39e9cec6518e734d3390e751ef2f6fd98dbca776809d8739cda23b98408/adbc_driver_manager-1.9.0-cp314-cp314-macosx_10_15_x86_64.whl", hash = "sha256:36707df1bbe577d9e625186c933a4b4b3db0e16332cdb67b89af1de699029748", size = 537297, upload-time = "2025-11-07T01:45:58.737Z" },
    { url = "https://files.pythonhosted.org/packages/5d/e2/c1ddf128b669f336ee42fea6d275ebfaf732cefb0ba1e37a2fb46c70c0fe/adbc_driver_manager-1.9.0-cp314-cp314-macosx_11_0_arm64.whl", hash = "sha256:88fb2f5f6a9934065f08241979bfd9442b797bb290dc8930d4f75e2568f72096", size = 516607, upload-time = "2025-11-07T01:46:00.538Z" },
    { url = "https://files.pythonhosted.org/packages/4e/3a/f2c34724f8244e316cbb9a550e66c8afb786c72be0eef1e6e0f0a4943ddb/adbc_driver_manager-1.9.0-cp314-cp314-manylinux2014_aarch64.manylinux_2_17_aarch64.whl", hash = "sha256:843bbcc78638cd408524c5474d8c83817142bfa5ad49693c056c7cf3d87b8e14", size = 3104038, upload-time = "2025-11-07T01:46:02.42Z" },
    { url = "https://files.pythonhosted.org/packages/5f/ba/9bca6e811d0196d0070b19cee8f1019bfb250d494f98d79445ed8fd22fd6/adbc_driver_manager-1.9.0-cp314-cp314-manylinux2014_x86_64.manylinux_2_17_x86_64.whl", hash = "sha256:33763cdd67ccc9574d15e1affcf3cdaf74351a93d91e6f85ed92704da732c150", size = 3111355, upload-time = "2025-11-07T01:46:03.908Z" },
    { url = "https://files.pythonhosted.org/packages/55/16/6e5895b661028a94ca0c96e174e3531c9e703afbcae3fd0260956094bfa9/adbc_driver_manager-1.9.0-cp314-cp314-win_amd64.whl", hash = "sha256:c5995b029cc99d80f2dc4bd34c41320fe8185da0fdc115d424f7699d1d7ffbac", size = 721478, upload-time = "2025-11-07T01:46:12.358Z" },
    { url = "https://files.pythonhosted.org/packages/97/d5/7c9ac5cc73e710245bed0685982c806799b8206f2f4ce39a83c902d2e313/adbc_driver_manager-1.9.0-cp314-cp314t-macosx_10_15_x86_64.whl", hash = "sha256:3629bdc16eb0180c86dd17931066e1567a92f6fccd515b9e4eb5098ef906d9bf", size = 552607, upload-time = "2025-11-07T01:46:05.21Z" },
    { url = "https://files.pythonhosted.org/packages/0c/9c/f8c59509228cbdf22d40fa4182d64f9e93c02307f028b0ae218973543fe0/adbc_driver_manager-1.9.0-cp314-cp314t-macosx_11_0_arm64.whl", hash = "sha256:d68b9c6c91ac97919ecc9255ccefda020fb6784b6aeb43d6d7b8a3509dc534f5", size = 533799, upload-time = "2025-11-07T01:46:06.726Z" },
    { url = "https://files.pythonhosted.org/packages/73/ee/ed402b9766ae3fe1b699965157720cf95222d86d152f766e5eff34d18599/adbc_driver_manager-1.9.0-cp314-cp314t-manylinux2014_aarch64.manylinux_2_17_aarch64.whl", hash = "sha256:12d012ebb18f46037dc36079222449dc4f2f9b8a5df753a0653a35ff211fefa2", size = 3170551, upload-time = "2025-11-07T01:46:08.745Z" },
    { url = "https://files.pythonhosted.org/packages/e3/5a/c7377ae2f3d4518b6e28e1a01e279e2ac060887c02a09911aba3b34f1ee1/adbc_driver_manager-1.9.0-cp314-cp314t-manylinux2014_x86_64.manylinux_2_17_x86_64.whl", hash = "sha256:af252317c41aaea1de9ec40bfbaf300c773dfb2bd4445aa819b118349e84ebd4", size = 3159071, upload-time = "2025-11-07T01:46:10.743Z" },
]

[[package]]
name = "adbc-driver-postgresql"
version = "1.9.0"
source = { registry = "https://pypi.org/simple" }
dependencies = [
    { name = "adbc-driver-manager" },
    { name = "importlib-resources" },
]
sdist = { url = "https://files.pythonhosted.org/packages/95/3c/285e8c41de78ba83e91fc7bc041ce6bede82efa1f9ee88312b8ba5e4ab96/adbc_driver_postgresql-1.9.0.tar.gz", hash = "sha256:32148a0965815b718908ba8ffd28cb78b7ab33fcddd4566315369319c9ce7f4e", size = 20428, upload-time = "2025-11-07T01:46:57.006Z" }
wheels = [
    { url = "https://files.pythonhosted.org/packages/95/14/eabd91d817cbb1c885e3ab756047eb8b895f2b48d2377536aac2aeb8bef8/adbc_driver_postgresql-1.9.0-py3-none-macosx_10_15_x86_64.whl", hash = "sha256:b0eeb2f1986a45d7bc7397ed36962cc2313f7ffa3af2a3a93a6f18f75ecc47b6", size = 2990242, upload-time = "2025-11-07T01:46:14.639Z" },
    { url = "https://files.pythonhosted.org/packages/5f/5f/6817e4d79a2e26e3b0bb438c12a03c07781b63e49c899f71beb67258baeb/adbc_driver_postgresql-1.9.0-py3-none-macosx_11_0_arm64.whl", hash = "sha256:b3880e7fccca9dd76bb862353c0c77974eceacf1d6a971e79f3ef76f6672edf7", size = 3270220, upload-time = "2025-11-07T01:46:17.297Z" },
    { url = "https://files.pythonhosted.org/packages/f6/af/5b590d43a2369efda1245b6a619edc3b018554fe4d44659439db21577c22/adbc_driver_postgresql-1.9.0-py3-none-manylinux2014_aarch64.manylinux_2_17_aarch64.whl", hash = "sha256:a80a47d722c757e86f52fa1be708b7fed534d84458bcebecc7f27a4e81c6897e", size = 3756944, upload-time = "2025-11-07T01:46:19.859Z" },
    { url = "https://files.pythonhosted.org/packages/44/7a/aa7b76a5a376f2b55869b6511d9ad27cd2c6dfa0b3d7dce037d01e740bb8/adbc_driver_postgresql-1.9.0-py3-none-manylinux2014_x86_64.manylinux_2_17_x86_64.whl", hash = "sha256:0aa0a49a4c17fec4dce17217083aa03457f5dd00d18fe10693b6a9d98812211a", size = 3430108, upload-time = "2025-11-07T01:46:21.713Z" },
    { url = "https://files.pythonhosted.org/packages/fa/dc/3dacf3314ff0c58ef88363c7c1ad9f3cb4a09d6ea94e2018d1daf9d211a9/adbc_driver_postgresql-1.9.0-py3-none-win_amd64.whl", hash = "sha256:a8164ea2985a1ec8dd5ed8bc71d55f8d4967a7273cbb03765bac111333075929", size = 3019152, upload-time = "2025-11-07T01:46:23.844Z" },
]

[[package]]
name = "bugreport"
version = "0.1.0"
source = { virtual = "." }
dependencies = [
    { name = "adbc-driver-manager" },
    { name = "adbc-driver-postgresql" },
    { name = "pyarrow" },
]

[package.metadata]
requires-dist = [
    { name = "adbc-driver-manager", specifier = ">=1.9.0" },
    { name = "adbc-driver-postgresql", specifier = ">=1.9.0" },
    { name = "pyarrow", specifier = ">=22.0.0" },
]

[[package]]
name = "importlib-resources"
version = "6.5.2"
source = { registry = "https://pypi.org/simple" }
sdist = { url = "https://files.pythonhosted.org/packages/cf/8c/f834fbf984f691b4f7ff60f50b514cc3de5cc08abfc3295564dd89c5e2e7/importlib_resources-6.5.2.tar.gz", hash = "sha256:185f87adef5bcc288449d98fb4fba07cea78bc036455dd44c5fc4a2fe78fed2c", size = 44693, upload-time = "2025-01-03T18:51:56.698Z" }
wheels = [
    { url = "https://files.pythonhosted.org/packages/a4/ed/1f1afb2e9e7f38a545d628f864d562a5ae64fe6f7a10e28ffb9b185b4e89/importlib_resources-6.5.2-py3-none-any.whl", hash = "sha256:789cfdc3ed28c78b67a06acb8126751ced69a3d5f79c095a98298cd8a760ccec", size = 37461, upload-time = "2025-01-03T18:51:54.306Z" },
]

[[package]]
name = "pyarrow"
version = "22.0.0"
source = { registry = "https://pypi.org/simple" }
sdist = { url = "https://files.pythonhosted.org/packages/30/53/04a7fdc63e6056116c9ddc8b43bc28c12cdd181b85cbeadb79278475f3ae/pyarrow-22.0.0.tar.gz", hash = "sha256:3d600dc583260d845c7d8a6db540339dd883081925da2bd1c5cb808f720b3cd9", size = 1151151, upload-time = "2025-10-24T12:30:00.762Z" }
wheels = [
    { url = "https://files.pythonhosted.org/packages/af/63/ba23862d69652f85b615ca14ad14f3bcfc5bf1b99ef3f0cd04ff93fdad5a/pyarrow-22.0.0-cp312-cp312-macosx_12_0_arm64.whl", hash = "sha256:bea79263d55c24a32b0d79c00a1c58bb2ee5f0757ed95656b01c0fb310c5af3d", size = 34211578, upload-time = "2025-10-24T10:05:21.583Z" },
    { url = "https://files.pythonhosted.org/packages/b1/d0/f9ad86fe809efd2bcc8be32032fa72e8b0d112b01ae56a053006376c5930/pyarrow-22.0.0-cp312-cp312-macosx_12_0_x86_64.whl", hash = "sha256:12fe549c9b10ac98c91cf791d2945e878875d95508e1a5d14091a7aaa66d9cf8", size = 35989906, upload-time = "2025-10-24T10:05:29.485Z" },
    { url = "https://files.pythonhosted.org/packages/b4/a8/f910afcb14630e64d673f15904ec27dd31f1e009b77033c365c84e8c1e1d/pyarrow-22.0.0-cp312-cp312-manylinux_2_28_aarch64.whl", hash = "sha256:334f900ff08ce0423407af97e6c26ad5d4e3b0763645559ece6fbf3747d6a8f5", size = 45021677, upload-time = "2025-10-24T10:05:38.274Z" },
    { url = "https://files.pythonhosted.org/packages/13/95/aec81f781c75cd10554dc17a25849c720d54feafb6f7847690478dcf5ef8/pyarrow-22.0.0-cp312-cp312-manylinux_2_28_x86_64.whl", hash = "sha256:c6c791b09c57ed76a18b03f2631753a4960eefbbca80f846da8baefc6491fcfe", size = 47726315, upload-time = "2025-10-24T10:05:47.314Z" },
    { url = "https://files.pythonhosted.org/packages/bb/d4/74ac9f7a54cfde12ee42734ea25d5a3c9a45db78f9def949307a92720d37/pyarrow-22.0.0-cp312-cp312-musllinux_1_2_aarch64.whl", hash = "sha256:c3200cb41cdbc65156e5f8c908d739b0dfed57e890329413da2748d1a2cd1a4e", size = 47990906, upload-time = "2025-10-24T10:05:58.254Z" },
    { url = "https://files.pythonhosted.org/packages/2e/71/fedf2499bf7a95062eafc989ace56572f3343432570e1c54e6599d5b88da/pyarrow-22.0.0-cp312-cp312-musllinux_1_2_x86_64.whl", hash = "sha256:ac93252226cf288753d8b46280f4edf3433bf9508b6977f8dd8526b521a1bbb9", size = 50306783, upload-time = "2025-10-24T10:06:08.08Z" },
    { url = "https://files.pythonhosted.org/packages/68/ed/b202abd5a5b78f519722f3d29063dda03c114711093c1995a33b8e2e0f4b/pyarrow-22.0.0-cp312-cp312-win_amd64.whl", hash = "sha256:44729980b6c50a5f2bfcc2668d36c569ce17f8b17bccaf470c4313dcbbf13c9d", size = 27972883, upload-time = "2025-10-24T10:06:14.204Z" },
    { url = "https://files.pythonhosted.org/packages/a6/d6/d0fac16a2963002fc22c8fa75180a838737203d558f0ed3b564c4a54eef5/pyarrow-22.0.0-cp313-cp313-macosx_12_0_arm64.whl", hash = "sha256:e6e95176209257803a8b3d0394f21604e796dadb643d2f7ca21b66c9c0b30c9a", size = 34204629, upload-time = "2025-10-24T10:06:20.274Z" },
    { url = "https://files.pythonhosted.org/packages/c6/9c/1d6357347fbae062ad3f17082f9ebc29cc733321e892c0d2085f42a2212b/pyarrow-22.0.0-cp313-cp313-macosx_12_0_x86_64.whl", hash = "sha256:001ea83a58024818826a9e3f89bf9310a114f7e26dfe404a4c32686f97bd7901", size = 35985783, upload-time = "2025-10-24T10:06:27.301Z" },
    { url = "https://files.pythonhosted.org/packages/ff/c0/782344c2ce58afbea010150df07e3a2f5fdad299cd631697ae7bd3bac6e3/pyarrow-22.0.0-cp313-cp313-manylinux_2_28_aarch64.whl", hash = "sha256:ce20fe000754f477c8a9125543f1936ea5b8867c5406757c224d745ed033e691", size = 45020999, upload-time = "2025-10-24T10:06:35.387Z" },
    { url = "https://files.pythonhosted.org/packages/1b/8b/5362443737a5307a7b67c1017c42cd104213189b4970bf607e05faf9c525/pyarrow-22.0.0-cp313-cp313-manylinux_2_28_x86_64.whl", hash = "sha256:e0a15757fccb38c410947df156f9749ae4a3c89b2393741a50521f39a8cf202a", size = 47724601, upload-time = "2025-10-24T10:06:43.551Z" },
    { url = "https://files.pythonhosted.org/packages/69/4d/76e567a4fc2e190ee6072967cb4672b7d9249ac59ae65af2d7e3047afa3b/pyarrow-22.0.0-cp313-cp313-musllinux_1_2_aarch64.whl", hash = "sha256:cedb9dd9358e4ea1d9bce3665ce0797f6adf97ff142c8e25b46ba9cdd508e9b6", size = 48001050, upload-time = "2025-10-24T10:06:52.284Z" },
    { url = "https://files.pythonhosted.org/packages/01/5e/5653f0535d2a1aef8223cee9d92944cb6bccfee5cf1cd3f462d7cb022790/pyarrow-22.0.0-cp313-cp313-musllinux_1_2_x86_64.whl", hash = "sha256:252be4a05f9d9185bb8c18e83764ebcfea7185076c07a7a662253af3a8c07941", size = 50307877, upload-time = "2025-10-24T10:07:02.405Z" },
    { url = "https://files.pythonhosted.org/packages/2d/f8/1d0bd75bf9328a3b826e24a16e5517cd7f9fbf8d34a3184a4566ef5a7f29/pyarrow-22.0.0-cp313-cp313-win_amd64.whl", hash = "sha256:a4893d31e5ef780b6edcaf63122df0f8d321088bb0dee4c8c06eccb1ca28d145", size = 27977099, upload-time = "2025-10-24T10:08:07.259Z" },
    { url = "https://files.pythonhosted.org/packages/90/81/db56870c997805bf2b0f6eeeb2d68458bf4654652dccdcf1bf7a42d80903/pyarrow-22.0.0-cp313-cp313t-macosx_12_0_arm64.whl", hash = "sha256:f7fe3dbe871294ba70d789be16b6e7e52b418311e166e0e3cba9522f0f437fb1", size = 34336685, upload-time = "2025-10-24T10:07:11.47Z" },
    { url = "https://files.pythonhosted.org/packages/1c/98/0727947f199aba8a120f47dfc229eeb05df15bcd7a6f1b669e9f882afc58/pyarrow-22.0.0-cp313-cp313t-macosx_12_0_x86_64.whl", hash = "sha256:ba95112d15fd4f1105fb2402c4eab9068f0554435e9b7085924bcfaac2cc306f", size = 36032158, upload-time = "2025-10-24T10:07:18.626Z" },
    { url = "https://files.pythonhosted.org/packages/96/b4/9babdef9c01720a0785945c7cf550e4acd0ebcd7bdd2e6f0aa7981fa85e2/pyarrow-22.0.0-cp313-cp313t-manylinux_2_28_aarch64.whl", hash = "sha256:c064e28361c05d72eed8e744c9605cbd6d2bb7481a511c74071fd9b24bc65d7d", size = 44892060, upload-time = "2025-10-24T10:07:26.002Z" },
    { url = "https://files.pythonhosted.org/packages/f8/ca/2f8804edd6279f78a37062d813de3f16f29183874447ef6d1aadbb4efa0f/pyarrow-22.0.0-cp313-cp313t-manylinux_2_28_x86_64.whl", hash = "sha256:6f9762274496c244d951c819348afbcf212714902742225f649cf02823a6a10f", size = 47504395, upload-time = "2025-10-24T10:07:34.09Z" },
    { url = "https://files.pythonhosted.org/packages/b9/f0/77aa5198fd3943682b2e4faaf179a674f0edea0d55d326d83cb2277d9363/pyarrow-22.0.0-cp313-cp313t-musllinux_1_2_aarch64.whl", hash = "sha256:a9d9ffdc2ab696f6b15b4d1f7cec6658e1d788124418cb30030afbae31c64746", size = 48066216, upload-time = "2025-10-24T10:07:43.528Z" },
    { url = "https://files.pythonhosted.org/packages/79/87/a1937b6e78b2aff18b706d738c9e46ade5bfcf11b294e39c87706a0089ac/pyarrow-22.0.0-cp313-cp313t-musllinux_1_2_x86_64.whl", hash = "sha256:ec1a15968a9d80da01e1d30349b2b0d7cc91e96588ee324ce1b5228175043e95", size = 50288552, upload-time = "2025-10-24T10:07:53.519Z" },
    { url = "https://files.pythonhosted.org/packages/60/ae/b5a5811e11f25788ccfdaa8f26b6791c9807119dffcf80514505527c384c/pyarrow-22.0.0-cp313-cp313t-win_amd64.whl", hash = "sha256:bba208d9c7decf9961998edf5c65e3ea4355d5818dd6cd0f6809bec1afb951cc", size = 28262504, upload-time = "2025-10-24T10:08:00.932Z" },
    { url = "https://files.pythonhosted.org/packages/bd/b0/0fa4d28a8edb42b0a7144edd20befd04173ac79819547216f8a9f36f9e50/pyarrow-22.0.0-cp314-cp314-macosx_12_0_arm64.whl", hash = "sha256:9bddc2cade6561f6820d4cd73f99a0243532ad506bc510a75a5a65a522b2d74d", size = 34224062, upload-time = "2025-10-24T10:08:14.101Z" },
    { url = "https://files.pythonhosted.org/packages/0f/a8/7a719076b3c1be0acef56a07220c586f25cd24de0e3f3102b438d18ae5df/pyarrow-22.0.0-cp314-cp314-macosx_12_0_x86_64.whl", hash = "sha256:e70ff90c64419709d38c8932ea9fe1cc98415c4f87ea8da81719e43f02534bc9", size = 35990057, upload-time = "2025-10-24T10:08:21.842Z" },
    { url = "https://files.pythonhosted.org/packages/89/3c/359ed54c93b47fb6fe30ed16cdf50e3f0e8b9ccfb11b86218c3619ae50a8/pyarrow-22.0.0-cp314-cp314-manylinux_2_28_aarch64.whl", hash = "sha256:92843c305330aa94a36e706c16209cd4df274693e777ca47112617db7d0ef3d7", size = 45068002, upload-time = "2025-10-24T10:08:29.034Z" },
    { url = "https://files.pythonhosted.org/packages/55/fc/4945896cc8638536ee787a3bd6ce7cec8ec9acf452d78ec39ab328efa0a1/pyarrow-22.0.0-cp314-cp314-manylinux_2_28_x86_64.whl", hash = "sha256:6dda1ddac033d27421c20d7a7943eec60be44e0db4e079f33cc5af3b8280ccde", size = 47737765, upload-time = "2025-10-24T10:08:38.559Z" },
    { url = "https://files.pythonhosted.org/packages/cd/5e/7cb7edeb2abfaa1f79b5d5eb89432356155c8426f75d3753cbcb9592c0fd/pyarrow-22.0.0-cp314-cp314-musllinux_1_2_aarch64.whl", hash = "sha256:84378110dd9a6c06323b41b56e129c504d157d1a983ce8f5443761eb5256bafc", size = 48048139, upload-time = "2025-10-24T10:08:46.784Z" },
    { url = "https://files.pythonhosted.org/packages/88/c6/546baa7c48185f5e9d6e59277c4b19f30f48c94d9dd938c2a80d4d6b067c/pyarrow-22.0.0-cp314-cp314-musllinux_1_2_x86_64.whl", hash = "sha256:854794239111d2b88b40b6ef92aa478024d1e5074f364033e73e21e3f76b25e0", size = 50314244, upload-time = "2025-10-24T10:08:55.771Z" },
    { url = "https://files.pythonhosted.org/packages/3c/79/755ff2d145aafec8d347bf18f95e4e81c00127f06d080135dfc86aea417c/pyarrow-22.0.0-cp314-cp314-win_amd64.whl", hash = "sha256:b883fe6fd85adad7932b3271c38ac289c65b7337c2c132e9569f9d3940620730", size = 28757501, upload-time = "2025-10-24T10:09:59.891Z" },
    { url = "https://files.pythonhosted.org/packages/0e/d2/237d75ac28ced3147912954e3c1a174df43a95f4f88e467809118a8165e0/pyarrow-22.0.0-cp314-cp314t-macosx_12_0_arm64.whl", hash = "sha256:7a820d8ae11facf32585507c11f04e3f38343c1e784c9b5a8b1da5c930547fe2", size = 34355506, upload-time = "2025-10-24T10:09:02.953Z" },
    { url = "https://files.pythonhosted.org/packages/1e/2c/733dfffe6d3069740f98e57ff81007809067d68626c5faef293434d11bd6/pyarrow-22.0.0-cp314-cp314t-macosx_12_0_x86_64.whl", hash = "sha256:c6ec3675d98915bf1ec8b3c7986422682f7232ea76cad276f4c8abd5b7319b70", size = 36047312, upload-time = "2025-10-24T10:09:10.334Z" },
    { url = "https://files.pythonhosted.org/packages/7c/2b/29d6e3782dc1f299727462c1543af357a0f2c1d3c160ce199950d9ca51eb/pyarrow-22.0.0-cp314-cp314t-manylinux_2_28_aarch64.whl", hash = "sha256:3e739edd001b04f654b166204fc7a9de896cf6007eaff33409ee9e50ceaff754", size = 45081609, upload-time = "2025-10-24T10:09:18.61Z" },
    { url = "https://files.pythonhosted.org/packages/8d/42/aa9355ecc05997915af1b7b947a7f66c02dcaa927f3203b87871c114ba10/pyarrow-22.0.0-cp314-cp314t-manylinux_2_28_x86_64.whl", hash = "sha256:7388ac685cab5b279a41dfe0a6ccd99e4dbf322edfb63e02fc0443bf24134e91", size = 47703663, upload-time = "2025-10-24T10:09:27.369Z" },
    { url = "https://files.pythonhosted.org/packages/ee/62/45abedde480168e83a1de005b7b7043fd553321c1e8c5a9a114425f64842/pyarrow-22.0.0-cp314-cp314t-musllinux_1_2_aarch64.whl", hash = "sha256:f633074f36dbc33d5c05b5dc75371e5660f1dbf9c8b1d95669def05e5425989c", size = 48066543, upload-time = "2025-10-24T10:09:34.908Z" },
    { url = "https://files.pythonhosted.org/packages/84/e9/7878940a5b072e4f3bf998770acafeae13b267f9893af5f6d4ab3904b67e/pyarrow-22.0.0-cp314-cp314t-musllinux_1_2_x86_64.whl", hash = "sha256:4c19236ae2402a8663a2c8f21f1870a03cc57f0bef7e4b6eb3238cc82944de80", size = 50288838, upload-time = "2025-10-24T10:09:44.394Z" },
    { url = "https://files.pythonhosted.org/packages/7b/03/f335d6c52b4a4761bcc83499789a1e2e16d9d201a58c327a9b5cc9a41bd9/pyarrow-22.0.0-cp314-cp314t-win_amd64.whl", hash = "sha256:0c34fe18094686194f204a3b1787a27456897d8a2d62caf84b61e8dfbc0252ae", size = 29185594, upload-time = "2025-10-24T10:09:53.111Z" },
]

[[package]]
name = "typing-extensions"
version = "4.15.0"
source = { registry = "https://pypi.org/simple" }
sdist = { url = "https://files.pythonhosted.org/packages/72/94/1a15dd82efb362ac84269196e94cf00f187f7ed21c242792a923cdb1c61f/typing_extensions-4.15.0.tar.gz", hash = "sha256:0cea48d173cc12fa28ecabc3b837ea3cf6f38c6d1136f85cbaaf598984861466", size = 109391, upload-time = "2025-08-25T13:49:26.313Z" }
wheels = [
    { url = "https://files.pythonhosted.org/packages/18/67/36e9267722cc04a6b9f15c7f3441c2363321a3ea07da7ae0c0707beb2a9c/typing_extensions-4.15.0-py3-none-any.whl", hash = "sha256:f0fa19c6845758ab08074a0cfa8b7aecb71c999ca73d62883bc25cc018c4e548", size = 44614, upload-time = "2025-08-25T13:49:24.86Z" },
]
